
Microsoft Visual Studio Solution File, Format Version 12.00
# Visual Studio Version 16
VisualStudioVersion = 16.0.31019.35
MinimumVisualStudioVersion = 10.0.40219.1
Project("{888888A0-9F3D-457C-B088-3A5042F75D52}") = "Python shop app with databases", "Python shop app with databases\Python shop app with databases.pyproj", "{0885B6FA-0165-48B0-82A6-50E72905339E}"
EndProject
Global
	GlobalSection(SolutionConfigurationPlatforms) = preSolution
		Debug|Any CPU = Debug|Any CPU
		Release|Any CPU = Release|Any CPU
	EndGlobalSection
	GlobalSection(ProjectConfigurationPlatforms) = postSolution
		{0885B6FA-0165-48B0-82A6-50E72905339E}.Debug|Any CPU.ActiveCfg = Debug|Any CPU
		{0885B6FA-0165-48B0-82A6-50E72905339E}.Release|Any CPU.ActiveCfg = Release|Any CPU
	EndGlobalSection
	GlobalSection(SolutionProperties) = preSolution
		HideSolutionNode = FALSE
	EndGlobalSection
	GlobalSection(ExtensibilityGlobals) = postSolution
		SolutionGuid = {44F2649B-63C7-4C64-B232-8277C9209FD8}
	EndGlobalSection
EndGlobal
